
Microsoft Visual Studio Solution File, Format Version 12.00
# Visual Studio Version 16
VisualStudioVersion = 16.0.31613.86
MinimumVisualStudioVersion = 10.0.40219.1
Project("{FAE04EC0-301F-11D3-BF4B-00C04F79EFBC}") = "ventasExpress", "ventasExpress.csproj", "{1720F329-DD22-441C-AE4F-CE9FD3FB0161}"
EndProject
Global
	GlobalSection(SolutionConfigurationPlatforms) = preSolution
		Debug|Any CPU = Debug|Any CPU
		Release|Any CPU = Release|Any CPU
	EndGlobalSection
	GlobalSection(ProjectConfigurationPlatforms) = postSolution
		{1720F329-DD22-441C-AE4F-CE9FD3FB0161}.Debug|Any CPU.ActiveCfg = Debug|Any CPU
		{1720F329-DD22-441C-AE4F-CE9FD3FB0161}.Debug|Any CPU.Build.0 = Debug|Any CPU
		{1720F329-DD22-441C-AE4F-CE9FD3FB0161}.Release|Any CPU.ActiveCfg = Release|Any CPU
		{1720F329-DD22-441C-AE4F-CE9FD3FB0161}.Release|Any CPU.Build.0 = Release|Any CPU
	EndGlobalSection
	GlobalSection(SolutionProperties) = preSolution
		HideSolutionNode = FALSE
	EndGlobalSection
	GlobalSection(ExtensibilityGlobals) = postSolution
		SolutionGuid = {A33A0AC3-0FB1-4745-B848-B948647C4E5B}
	EndGlobalSection
EndGlobal
